// !$*UTF8*$!
{
	archiveVersion = 1;
	classes = {
	};
	objectVersion = 50;
	objects = {

/* Begin PBXBuildFile section */
		7E60491C23B06A9B00903247 /* AppDelegate.swift in Sources */ = {isa = PBXBuildFile; fileRef = 7E60491B23B06A9B00903247 /* AppDelegate.swift */; };
		7E60491E23B06A9B00903247 /* SceneDelegate.swift in Sources */ = {isa = PBXBuildFile; fileRef = 7E60491D23B06A9B00903247 /* SceneDelegate.swift */; };
		7E60492023B06A9B00903247 /* ContentView.swift in Sources */ = {isa = PBXBuildFile; fileRef = 7E60491F23B06A9B00903247 /* ContentView.swift */; };
		7E60492223B06A9D00903247 /* Assets.xcassets in Resources */ = {isa = PBXBuildFile; fileRef = 7E60492123B06A9D00903247 /* Assets.xcassets */; };
		7E60492523B06A9D00903247 /* Preview Assets.xcassets in Resources */ = {isa = PBXBuildFile; fileRef = 7E60492423B06A9D00903247 /* Preview Assets.xcassets */; };
		7E60492823B06A9D00903247 /* LaunchScreen.storyboard in Resources */ = {isa = PBXBuildFile; fileRef = 7E60492623B06A9D00903247 /* LaunchScreen.storyboard */; };
		7E60493023B0724600903247 /* CalculatorButtonItem.swift in Sources */ = {isa = PBXBuildFile; fileRef = 7E60492F23B0724600903247 /* CalculatorButtonItem.swift */; };
		7E60493323B0A35E00903247 /* AppConfig.swift in Sources */ = {isa = PBXBuildFile; fileRef = 7E60493223B0A35E00903247 /* AppConfig.swift */; };
		7E60493523B0A6DD00903247 /* CalculatorView.swift in Sources */ = {isa = PBXBuildFile; fileRef = 7E60493423B0A6DD00903247 /* CalculatorView.swift */; };
		7E76D99F23BDD9F500036CA4 /* CalculatorBrain.swift in Sources */ = {isa = PBXBuildFile; fileRef = 7E76D99E23BDD9F500036CA4 /* CalculatorBrain.swift */; };
		7E76D9A123BDFEBC00036CA4 /* CalculatorModel.swift in Sources */ = {isa = PBXBuildFile; fileRef = 7E76D9A023BDFEBC00036CA4 /* CalculatorModel.swift */; };
/* End PBXBuildFile section */

/* Begin PBXFileReference section */
		7E60491823B06A9B00903247 /* Calculator.app */ = {isa = PBXFileReference; explicitFileType = wrapper.application; includeInIndex = 0; path = Calculator.app; sourceTree = BUILT_PRODUCTS_DIR; };
		7E60491B23B06A9B00903247 /* AppDelegate.swift */ = {isa = PBXFileReference; lastKnownFileType = sourcecode.swift; path = AppDelegate.swift; sourceTree = "<group>"; };
		7E60491D23B06A9B00903247 /* SceneDelegate.swift */ = {isa = PBXFileReference; lastKnownFileType = sourcecode.swift; path = SceneDelegate.swift; sourceTree = "<group>"; };
		7E60491F23B06A9B00903247 /* ContentView.swift */ = {isa = PBXFileReference; lastKnownFileType = sourcecode.swift; path = ContentView.swift; sourceTree = "<group>"; };
		7E60492123B06A9D00903247 /* Assets.xcassets */ = {isa = PBXFileReference; lastKnownFileType = folder.assetcatalog; path = Assets.xcassets; sourceTree = "<group>"; };
		7E60492423B06A9D00903247 /* Preview Assets.xcassets */ = {isa = PBXFileReference; lastKnownFileType = folder.assetcatalog; path = "Preview Assets.xcassets"; sourceTree = "<group>"; };
		7E60492723B06A9D00903247 /* Base */ = {isa = PBXFileReference; lastKnownFileType = file.storyboard; name = Base; path = Base.lproj/LaunchScreen.storyboard; sourceTree = "<group>"; };
		7E60492923B06A9D00903247 /* Info.plist */ = {isa = PBXFileReference; lastKnownFileType = text.plist.xml; path = Info.plist; sourceTree = "<group>"; };
		7E60492F23B0724600903247 /* CalculatorButtonItem.swift */ = {isa = PBXFileReference; lastKnownFileType = sourcecode.swift; path = CalculatorButtonItem.swift; sourceTree = "<group>"; };
		7E60493223B0A35E00903247 /* AppConfig.swift */ = {isa = PBXFileReference; lastKnownFileType = sourcecode.swift; path = AppConfig.swift; sourceTree = "<group>"; };
		7E60493423B0A6DD00903247 /* CalculatorView.swift */ = {isa = PBXFileReference; lastKnownFileType = sourcecode.swift; path = CalculatorView.swift; sourceTree = "<group>"; };
		7E76D99E23BDD9F500036CA4 /* CalculatorBrain.swift */ = {isa = PBXFileReference; lastKnownFileType = sourcecode.swift; path = CalculatorBrain.swift; sourceTree = "<group>"; };
		7E76D9A023BDFEBC00036CA4 /* CalculatorModel.swift */ = {isa = PBXFileReference; lastKnownFileType = sourcecode.swift; path = CalculatorModel.swift; sourceTree = "<group>"; };
/* End PBXFileReference section */

/* Begin PBXFrameworksBuildPhase section */
		7E60491523B06A9B00903247 /* Frameworks */ = {
			isa = PBXFrameworksBuildPhase;
			buildActionMask = 2147483647;
			files = (
			);
			runOnlyForDeploymentPostprocessing = 0;
		};
/* End PBXFrameworksBuildPhase section */

/* Begin PBXGroup section */
		7E60490F23B06A9B00903247 = {
			isa = PBXGroup;
			children = (
				7E60491A23B06A9B00903247 /* Calculator */,
				7E60491923B06A9B00903247 /* Products */,
			);
			sourceTree = "<group>";
		};
		7E60491923B06A9B00903247 /* Products */ = {
			isa = PBXGroup;
			children = (
				7E60491823B06A9B00903247 /* Calculator.app */,
			);
			name = Products;
			sourceTree = "<group>";
		};
		7E60491A23B06A9B00903247 /* Calculator */ = {
			isa = PBXGroup;
			children = (
				7E76D99D23BDD9DA00036CA4 /* Manager */,
				7E60493A23B0A78600903247 /* Config */,
				7E60493923B0A77A00903247 /* Model */,
				7E60493823B0A77100903247 /* View */,
				7E60493723B0A76800903247 /* main */,
				7E60493623B0A75E00903247 /* Other */,
				7E60492123B06A9D00903247 /* Assets.xcassets */,
				7E60492623B06A9D00903247 /* LaunchScreen.storyboard */,
				7E60492923B06A9D00903247 /* Info.plist */,
				7E60492323B06A9D00903247 /* Preview Content */,
			);
			path = Calculator;
			sourceTree = "<group>";
		};
		7E60492323B06A9D00903247 /* Preview Content */ = {
			isa = PBXGroup;
			children = (
				7E60492423B06A9D00903247 /* Preview Assets.xcassets */,
			);
			path = "Preview Content";
			sourceTree = "<group>";
		};
		7E60493623B0A75E00903247 /* Other */ = {
			isa = PBXGroup;
			children = (
				7E60491B23B06A9B00903247 /* AppDelegate.swift */,
				7E60491D23B06A9B00903247 /* SceneDelegate.swift */,
			);
			path = Other;
			sourceTree = "<group>";
		};
		7E60493723B0A76800903247 /* main */ = {
			isa = PBXGroup;
			children = (
				7E60491F23B06A9B00903247 /* ContentView.swift */,
			);
			path = main;
			sourceTree = "<group>";
		};
		7E60493823B0A77100903247 /* View */ = {
			isa = PBXGroup;
			children = (
				7E60493423B0A6DD00903247 /* CalculatorView.swift */,
			);
			path = View;
			sourceTree = "<group>";
		};
		7E60493923B0A77A00903247 /* Model */ = {
			isa = PBXGroup;
			children = (
				7E60492F23B0724600903247 /* CalculatorButtonItem.swift */,
				7E76D9A023BDFEBC00036CA4 /* CalculatorModel.swift */,
			);
			path = Model;
			sourceTree = "<group>";
		};
		7E60493A23B0A78600903247 /* Config */ = {
			isa = PBXGroup;
			children = (
				7E60493223B0A35E00903247 /* AppConfig.swift */,
			);
			path = Config;
			sourceTree = "<group>";
		};
		7E76D99D23BDD9DA00036CA4 /* Manager */ = {
			isa = PBXGroup;
			children = (
				7E76D99E23BDD9F500036CA4 /* CalculatorBrain.swift */,
			);
			path = Manager;
			sourceTree = "<group>";
		};
/* End PBXGroup section */

/* Begin PBXNativeTarget section */
		7E60491723B06A9B00903247 /* Calculator */ = {
			isa = PBXNativeTarget;
			buildConfigurationList = 7E60492C23B06A9D00903247 /* Build configuration list for PBXNativeTarget "Calculator" */;
			buildPhases = (
				7E60491423B06A9B00903247 /* Sources */,
				7E60491523B06A9B00903247 /* Frameworks */,
				7E60491623B06A9B00903247 /* Resources */,
			);
			buildRules = (
			);
			dependencies = (
			);
			name = Calculator;
			productName = Calculator;
			productReference = 7E60491823B06A9B00903247 /* Calculator.app */;
			productType = "com.apple.product-type.application";
		};
/* End PBXNativeTarget section */

/* Begin PBXProject section */
		7E60491023B06A9B00903247 /* Project object */ = {
			isa = PBXProject;
			attributes = {
				LastSwiftUpdateCheck = 1130;
				LastUpgradeCheck = 1130;
				ORGANIZATIONNAME = huangjian;
				TargetAttributes = {
					7E60491723B06A9B00903247 = {
						CreatedOnToolsVersion = 11.3;
					};
				};
			};
			buildConfigurationList = 7E60491323B06A9B00903247 /* Build configuration list for PBXProject "Calculator" */;
			compatibilityVersion = "Xcode 9.3";
			developmentRegion = en;
			hasScannedForEncodings = 0;
			knownRegions = (
				en,
				Base,
			);
			mainGroup = 7E60490F23B06A9B00903247;
			productRefGroup = 7E60491923B06A9B00903247 /* Products */;
			projectDirPath = "";
			projectRoot = "";
			targets = (
				7E60491723B06A9B00903247 /* Calculator */,
			);
		};
/* End PBXProject section */

/* Begin PBXResourcesBuildPhase section */
		7E60491623B06A9B00903247 /* Resources */ = {
			isa = PBXResourcesBuildPhase;
			buildActionMask = 2147483647;
			files = (
				7E60492823B06A9D00903247 /* LaunchScreen.storyboard in Resources */,
				7E60492523B06A9D00903247 /* Preview Assets.xcassets in Resources */,
				7E60492223B06A9D00903247 /* Assets.xcassets in Resources */,
			);
			runOnlyForDeploymentPostprocessing = 0;
		};
/* End PBXResourcesBuildPhase section */

/* Begin PBXSourcesBuildPhase section */
		7E60491423B06A9B00903247 /* Sources */ = {
			isa = PBXSourcesBuildPhase;
			buildActionMask = 2147483647;
			files = (
				7E76D99F23BDD9F500036CA4 /* CalculatorBrain.swift in Sources */,
				7E60491C23B06A9B00903247 /* AppDelegate.swift in Sources */,
				7E60493323B0A35E00903247 /* AppConfig.swift in Sources */,
				7E76D9A123BDFEBC00036CA4 /* CalculatorModel.swift in Sources */,
				7E60491E23B06A9B00903247 /* SceneDelegate.swift in Sources */,
				7E60493023B0724600903247 /* CalculatorButtonItem.swift in Sources */,
				7E60493523B0A6DD00903247 /* CalculatorView.swift in Sources */,
				7E60492023B06A9B00903247 /* ContentView.swift in Sources */,
			);
			runOnlyForDeploymentPostprocessing = 0;
		};
/* End PBXSourcesBuildPhase section */

/* Begin PBXVariantGroup section */
		7E60492623B06A9D00903247 /* LaunchScreen.storyboard */ = {
			isa = PBXVariantGroup;
			children = (
				7E60492723B06A9D00903247 /* Base */,
			);
			name = LaunchScreen.storyboard;
			sourceTree = "<group>";
		};
/* End PBXVariantGroup section */

/* Begin XCBuildConfiguration section */
		7E60492A23B06A9D00903247 /* Debug */ = {
			isa = XCBuildConfiguration;
			buildSettings = {
				ALWAYS_SEARCH_USER_PATHS = NO;
				CLANG_ANALYZER_NONNULL = YES;
				CLANG_ANALYZER_NUMBER_OBJECT_CONVERSION = YES_AGGRESSIVE;
				CLANG_CXX_LANGUAGE_STANDARD = "gnu++14";
				CLANG_CXX_LIBRARY = "libc++";
				CLANG_ENABLE_MODULES = YES;
				CLANG_ENABLE_OBJC_ARC = YES;
				CLANG_ENABLE_OBJC_WEAK = YES;
				CLANG_WARN_BLOCK_CAPTURE_AUTORELEASING = YES;
				CLANG_WARN_BOOL_CONVERSION = YES;
				CLANG_WARN_COMMA = YES;
				CLANG_WARN_CONSTANT_CONVERSION = YES;
				CLANG_WARN_DEPRECATED_OBJC_IMPLEMENTATIONS = YES;
				CLANG_WARN_DIRECT_OBJC_ISA_USAGE = YES_ERROR;
				CLANG_WARN_DOCUMENTATION_COMMENTS = YES;
				CLANG_WARN_EMPTY_BODY = YES;
				CLANG_WARN_ENUM_CONVERSION = YES;
				CLANG_WARN_INFINITE_RECURSION = YES;
				CLANG_WARN_INT_CONVERSION = YES;
				CLANG_WARN_NON_LITERAL_NULL_CONVERSION = YES;
				CLANG_WARN_OBJC_IMPLICIT_RETAIN_SELF = YES;
				CLANG_WARN_OBJC_LITERAL_CONVERSION = YES;
				CLANG_WARN_OBJC_ROOT_CLASS = YES_ERROR;
				CLANG_WARN_RANGE_LOOP_ANALYSIS = YES;
				CLANG_WARN_STRICT_PROTOTYPES = YES;
				CLANG_WARN_SUSPICIOUS_MOVE = YES;
				CLANG_WARN_UNGUARDED_AVAILABILITY = YES_AGGRESSIVE;
				CLANG_WARN_UNREACHABLE_CODE = YES;
				CLANG_WARN__DUPLICATE_METHOD_MATCH = YES;
				COPY_PHASE_STRIP = NO;
				DEBUG_INFORMATION_FORMAT = dwarf;
				ENABLE_STRICT_OBJC_MSGSEND = YES;
				ENABLE_TESTABILITY = YES;
				GCC_C_LANGUAGE_STANDARD = gnu11;
				GCC_DYNAMIC_NO_PIC = NO;
				GCC_NO_COMMON_BLOCKS = YES;
				GCC_OPTIMIZATION_LEVEL = 0;
				GCC_PREPROCESSOR_DEFINITIONS = (
					"DEBUG=1",
					"$(inherited)",
				);
				GCC_WARN_64_TO_32_BIT_CONVERSION = YES;
				GCC_WARN_ABOUT_RETURN_TYPE = YES_ERROR;
				GCC_WARN_UNDECLARED_SELECTOR = YES;
				GCC_WARN_UNINITIALIZED_AUTOS = YES_AGGRESSIVE;
				GCC_WARN_UNUSED_FUNCTION = YES;
				GCC_WARN_UNUSED_VARIABLE = YES;
				IPHONEOS_DEPLOYMENT_TARGET = 13.2;
				MTL_ENABLE_DEBUG_INFO = INCLUDE_SOURCE;
				MTL_FAST_MATH = YES;
				ONLY_ACTIVE_ARCH = YES;
				SDKROOT = iphoneos;
				SWIFT_ACTIVE_COMPILATION_CONDITIONS = DEBUG;
				SWIFT_OPTIMIZATION_LEVEL = "-Onone";
			};
			name = Debug;
		};
		7E60492B23B06A9D00903247 /* Release */ = {
			isa = XCBuildConfiguration;
			buildSettings = {
				ALWAYS_SEARCH_USER_PATHS = NO;
				CLANG_ANALYZER_NONNULL = YES;
				CLANG_ANALYZER_NUMBER_OBJECT_CONVERSION = YES_AGGRESSIVE;
				CLANG_CXX_LANGUAGE_STANDARD = "gnu++14";
				CLANG_CXX_LIBRARY = "libc++";
				CLANG_ENABLE_MODULES = YES;
				CLANG_ENABLE_OBJC_ARC = YES;
				CLANG_ENABLE_OBJC_WEAK = YES;
				CLANG_WARN_BLOCK_CAPTURE_AUTORELEASING = YES;
				CLANG_WARN_BOOL_CONVERSION = YES;
				CLANG_WARN_COMMA = YES;
				CLANG_WARN_CONSTANT_CONVERSION = YES;
				CLANG_WARN_DEPRECATED_OBJC_IMPLEMENTATIONS = YES;
				CLANG_WARN_DIRECT_OBJC_ISA_USAGE = YES_ERROR;
				CLANG_WARN_DOCUMENTATION_COMMENTS = YES;
				CLANG_WARN_EMPTY_BODY = YES;
				CLANG_WARN_ENUM_CONVERSION = YES;
				CLANG_WARN_INFINITE_RECURSION = YES;
				CLANG_WARN_INT_CONVERSION = YES;
				CLANG_WARN_NON_LITERAL_NULL_CONVERSION = YES;
				CLANG_WARN_OBJC_IMPLICIT_RETAIN_SELF = YES;
				CLANG_WARN_OBJC_LITERAL_CONVERSION = YES;
				CLANG_WARN_OBJC_ROOT_CLASS = YES_ERROR;
				CLANG_WARN_RANGE_LOOP_ANALYSIS = YES;
				CLANG_WARN_STRICT_PROTOTYPES = YES;
				CLANG_WARN_SUSPICIOUS_MOVE = YES;
				CLANG_WARN_UNGUARDED_AVAILABILITY = YES_AGGRESSIVE;
				CLANG_WARN_UNREACHABLE_CODE = YES;
				CLANG_WARN__DUPLICATE_METHOD_MATCH = YES;
				COPY_PHASE_STRIP = NO;
				DEBUG_INFORMATION_FORMAT = "dwarf-with-dsym";
				ENABLE_NS_ASSERTIONS = NO;
				ENABLE_STRICT_OBJC_MSGSEND = YES;
				GCC_C_LANGUAGE_STANDARD = gnu11;
				GCC_NO_COMMON_BLOCKS = YES;
				GCC_WARN_64_TO_32_BIT_CONVERSION = YES;
				GCC_WARN_ABOUT_RETURN_TYPE = YES_ERROR;
				GCC_WARN_UNDECLARED_SELECTOR = YES;
				GCC_WARN_UNINITIALIZED_AUTOS = YES_AGGRESSIVE;
				GCC_WARN_UNUSED_FUNCTION = YES;
				GCC_WARN_UNUSED_VARIABLE = YES;
				IPHONEOS_DEPLOYMENT_TARGET = 13.2;
				MTL_ENABLE_DEBUG_INFO = NO;
				MTL_FAST_MATH = YES;
				SDKROOT = iphoneos;
				SWIFT_COMPILATION_MODE = wholemodule;
				SWIFT_OPTIMIZATION_LEVEL = "-O";
				VALIDATE_PRODUCT = YES;
			};
			name = Release;
		};
		7E60492D23B06A9D00903247 /* Debug */ = {
			isa = XCBuildConfiguration;
			buildSettings = {
				ASSETCATALOG_COMPILER_APPICON_NAME = AppIcon;
				CODE_SIGN_STYLE = Automatic;
				DEVELOPMENT_ASSET_PATHS = "\"Calculator/Preview Content\"";
				ENABLE_PREVIEWS = YES;
				INFOPLIST_FILE = Calculator/Info.plist;
				LD_RUNPATH_SEARCH_PATHS = (
					"$(inherited)",
					"@executable_path/Frameworks",
				);
				PRODUCT_BUNDLE_IDENTIFIER = super.Calculator;
				PRODUCT_NAME = "$(TARGET_NAME)";
				SWIFT_VERSION = 5.0;
				TARGETED_DEVICE_FAMILY = "1,2";
			};
			name = Debug;
		};
		7E60492E23B06A9D00903247 /* Release */ = {
			isa = XCBuildConfiguration;
			buildSettings = {
				ASSETCATALOG_COMPILER_APPICON_NAME = AppIcon;
				CODE_SIGN_STYLE = Automatic;
				DEVELOPMENT_ASSET_PATHS = "\"Calculator/Preview Content\"";
				ENABLE_PREVIEWS = YES;
				INFOPLIST_FILE = Calculator/Info.plist;
				LD_RUNPATH_SEARCH_PATHS = (
					"$(inherited)",
					"@executable_path/Frameworks",
				);
				PRODUCT_BUNDLE_IDENTIFIER = super.Calculator;
				PRODUCT_NAME = "$(TARGET_NAME)";
				SWIFT_VERSION = 5.0;
				TARGETED_DEVICE_FAMILY = "1,2";
			};
			name = Release;
		};
/* End XCBuildConfiguration section */

/* Begin XCConfigurationList section */
		7E60491323B06A9B00903247 /* Build configuration list for PBXProject "Calculator" */ = {
			isa = XCConfigurationList;
			buildConfigurations = (
				7E60492A23B06A9D00903247 /* Debug */,
				7E60492B23B06A9D00903247 /* Release */,
			);
			defaultConfigurationIsVisible = 0;
			defaultConfigurationName = Release;
		};
		7E60492C23B06A9D00903247 /* Build configuration list for PBXNativeTarget "Calculator" */ = {
			isa = XCConfigurationList;
			buildConfigurations = (
				7E60492D23B06A9D00903247 /* Debug */,
				7E60492E23B06A9D00903247 /* Release */,
			);
			defaultConfigurationIsVisible = 0;
			defaultConfigurationName = Release;
		};
/* End XCConfigurationList section */
	};
	rootObject = 7E60491023B06A9B00903247 /* Project object */;
}
